
Microsoft Visual Studio Solution File, Format Version 12.00
# Visual Studio 15
VisualStudioVersion = 15.0.26430.14
MinimumVisualStudioVersion = 10.0.40219.1
Project("{FAE04EC0-301F-11D3-BF4B-00C04F79EFBC}") = "ApaxLib", "ApaxLib\ApaxLib.csproj", "{82FF5141-808E-44AD-8A03-80D788C5D95C}"
EndProject
Project("{FAE04EC0-301F-11D3-BF4B-00C04F79EFBC}") = "Apax", "Apax\Apax.csproj", "{DE5A53F4-F5EB-4A46-8101-4DB20B47DA40}"
EndProject
Global
	GlobalSection(SolutionConfigurationPlatforms) = preSolution
		Debug|Any CPU = Debug|Any CPU
		Release|Any CPU = Release|Any CPU
	EndGlobalSection
	GlobalSection(ProjectConfigurationPlatforms) = postSolution
		{82FF5141-808E-44AD-8A03-80D788C5D95C}.Debug|Any CPU.ActiveCfg = Debug|Any CPU
		{82FF5141-808E-44AD-8A03-80D788C5D95C}.Debug|Any CPU.Build.0 = Debug|Any CPU
		{82FF5141-808E-44AD-8A03-80D788C5D95C}.Release|Any CPU.ActiveCfg = Release|Any CPU
		{82FF5141-808E-44AD-8A03-80D788C5D95C}.Release|Any CPU.Build.0 = Release|Any CPU
		{DE5A53F4-F5EB-4A46-8101-4DB20B47DA40}.Debug|Any CPU.ActiveCfg = Debug|Any CPU
		{DE5A53F4-F5EB-4A46-8101-4DB20B47DA40}.Debug|Any CPU.Build.0 = Debug|Any CPU
		{DE5A53F4-F5EB-4A46-8101-4DB20B47DA40}.Release|Any CPU.ActiveCfg = Release|Any CPU
		{DE5A53F4-F5EB-4A46-8101-4DB20B47DA40}.Release|Any CPU.Build.0 = Release|Any CPU
	EndGlobalSection
	GlobalSection(SolutionProperties) = preSolution
		HideSolutionNode = FALSE
	EndGlobalSection
	GlobalSection(ExtensibilityGlobals) = postSolution
		SolutionGuid = {65FC1A8B-A96E-44A3-99B4-9A69EC52E623}
	EndGlobalSection
EndGlobal
